
Microsoft Visual Studio Solution File, Format Version 12.00
# Visual Studio Version 17
VisualStudioVersion = 17.2.32516.85
MinimumVisualStudioVersion = 10.0.40219.1
Project("{FAE04EC0-301F-11D3-BF4B-00C04F79EFBC}") = "SEC_SCHOOL", "SEC_SCHOOL\SEC_SCHOOL.csproj", "{D9B1A337-2E7A-425F-99AB-C8AE47A1E654}"
EndProject
Global
	GlobalSection(SolutionConfigurationPlatforms) = preSolution
		Debug|Any CPU = Debug|Any CPU
		Release|Any CPU = Release|Any CPU
	EndGlobalSection
	GlobalSection(ProjectConfigurationPlatforms) = postSolution
		{D9B1A337-2E7A-425F-99AB-C8AE47A1E654}.Debug|Any CPU.ActiveCfg = Debug|Any CPU
		{D9B1A337-2E7A-425F-99AB-C8AE47A1E654}.Debug|Any CPU.Build.0 = Debug|Any CPU
		{D9B1A337-2E7A-425F-99AB-C8AE47A1E654}.Release|Any CPU.ActiveCfg = Release|Any CPU
		{D9B1A337-2E7A-425F-99AB-C8AE47A1E654}.Release|Any CPU.Build.0 = Release|Any CPU
	EndGlobalSection
	GlobalSection(SolutionProperties) = preSolution
		HideSolutionNode = FALSE
	EndGlobalSection
	GlobalSection(ExtensibilityGlobals) = postSolution
		SolutionGuid = {22AAEA8A-A00A-4028-AA24-6B1839B2FAC2}
	EndGlobalSection
EndGlobal
